
Microsoft Visual Studio Solution File, Format Version 12.00
# Visual Studio Version 17
VisualStudioVersion = 17.9.34728.123
MinimumVisualStudioVersion = 10.0.40219.1
Project("{9A19103F-16F7-4668-BE54-9A1E7A4F7556}") = "BookStore", "BookStore.csproj", "{6652D992-C66C-4604-819E-6EDE304E965B}"
EndProject
Global
	GlobalSection(SolutionConfigurationPlatforms) = preSolution
		Debug|Any CPU = Debug|Any CPU
		Release|Any CPU = Release|Any CPU
	EndGlobalSection
	GlobalSection(ProjectConfigurationPlatforms) = postSolution
		{6652D992-C66C-4604-819E-6EDE304E965B}.Debug|Any CPU.ActiveCfg = Debug|Any CPU
		{6652D992-C66C-4604-819E-6EDE304E965B}.Debug|Any CPU.Build.0 = Debug|Any CPU
		{6652D992-C66C-4604-819E-6EDE304E965B}.Release|Any CPU.ActiveCfg = Release|Any CPU
		{6652D992-C66C-4604-819E-6EDE304E965B}.Release|Any CPU.Build.0 = Release|Any CPU
	EndGlobalSection
	GlobalSection(SolutionProperties) = preSolution
		HideSolutionNode = FALSE
	EndGlobalSection
	GlobalSection(ExtensibilityGlobals) = postSolution
		SolutionGuid = {E10F8A6D-97A8-4DE4-B7BE-EE501EE1EA49}
	EndGlobalSection
EndGlobal
